
Microsoft Visual Studio Solution File, Format Version 12.00
# Visual Studio Version 17
VisualStudioVersion = 17.0.31903.59
MinimumVisualStudioVersion = 10.0.40219.1
Project("{FAE04EC0-301F-11D3-BF4B-00C04F79EFBC}") = "Jcd.RichEnumerations", "Jcd.RichEnumerations\Jcd.RichEnumerations.csproj", "{C0C9FDB9-B8C1-4FE9-BE4D-A6898CAB9DE0}"
EndProject
Project("{FAE04EC0-301F-11D3-BF4B-00C04F79EFBC}") = "Jcd.RichEnumerations.Tests", "Jcd.RichEnumerations.Tests\Jcd.RichEnumerations.Tests.csproj", "{554141DD-970B-41B3-A294-28B43DE43380}"
EndProject
Project("{FAE04EC0-301F-11D3-BF4B-00C04F79EFBC}") = "Jcd.RichEnumerations.Examples", "Jcd.RichEnumerations.Examples\Jcd.RichEnumerations.Examples.csproj", "{28C1146F-A4AD-4BCA-A167-DCAD5E1D1192}"
EndProject
Global
	GlobalSection(SolutionConfigurationPlatforms) = preSolution
		Debug|Any CPU = Debug|Any CPU
		Release|Any CPU = Release|Any CPU
	EndGlobalSection
	GlobalSection(SolutionProperties) = preSolution
		HideSolutionNode = FALSE
	EndGlobalSection
	GlobalSection(ProjectConfigurationPlatforms) = postSolution
		{C0C9FDB9-B8C1-4FE9-BE4D-A6898CAB9DE0}.Debug|Any CPU.ActiveCfg = Debug|Any CPU
		{C0C9FDB9-B8C1-4FE9-BE4D-A6898CAB9DE0}.Debug|Any CPU.Build.0 = Debug|Any CPU
		{C0C9FDB9-B8C1-4FE9-BE4D-A6898CAB9DE0}.Release|Any CPU.ActiveCfg = Release|Any CPU
		{C0C9FDB9-B8C1-4FE9-BE4D-A6898CAB9DE0}.Release|Any CPU.Build.0 = Release|Any CPU
		{554141DD-970B-41B3-A294-28B43DE43380}.Debug|Any CPU.ActiveCfg = Debug|Any CPU
		{554141DD-970B-41B3-A294-28B43DE43380}.Debug|Any CPU.Build.0 = Debug|Any CPU
		{554141DD-970B-41B3-A294-28B43DE43380}.Release|Any CPU.ActiveCfg = Release|Any CPU
		{554141DD-970B-41B3-A294-28B43DE43380}.Release|Any CPU.Build.0 = Release|Any CPU
		{28C1146F-A4AD-4BCA-A167-DCAD5E1D1192}.Debug|Any CPU.ActiveCfg = Debug|Any CPU
		{28C1146F-A4AD-4BCA-A167-DCAD5E1D1192}.Debug|Any CPU.Build.0 = Debug|Any CPU
		{28C1146F-A4AD-4BCA-A167-DCAD5E1D1192}.Release|Any CPU.ActiveCfg = Release|Any CPU
		{28C1146F-A4AD-4BCA-A167-DCAD5E1D1192}.Release|Any CPU.Build.0 = Release|Any CPU
	EndGlobalSection
EndGlobal
